
Microsoft Visual Studio Solution File, Format Version 12.00
# Visual Studio Version 16
VisualStudioVersion = 16.0.32407.337
MinimumVisualStudioVersion = 10.0.40219.1
Project("{FAE04EC0-301F-11D3-BF4B-00C04F79EFBC}") = "Module17_Task_Ver1(ChainOfResponsibility)", "Module17_Task\Module17_Task_Ver1(ChainOfResponsibility).csproj", "{DA23C2CB-92C0-421D-9692-919914DB6D53}"
EndProject
Project("{FAE04EC0-301F-11D3-BF4B-00C04F79EFBC}") = "Module17_Task_Ver2(TwoClasses)", "Module17_Task_Ver2(TwoClasses)\Module17_Task_Ver2(TwoClasses).csproj", "{13D79227-9C9A-4967-A8BF-FAB23F6B3A89}"
EndProject
Global
	GlobalSection(SolutionConfigurationPlatforms) = preSolution
		Debug|Any CPU = Debug|Any CPU
		Release|Any CPU = Release|Any CPU
	EndGlobalSection
	GlobalSection(ProjectConfigurationPlatforms) = postSolution
		{DA23C2CB-92C0-421D-9692-919914DB6D53}.Debug|Any CPU.ActiveCfg = Debug|Any CPU
		{DA23C2CB-92C0-421D-9692-919914DB6D53}.Debug|Any CPU.Build.0 = Debug|Any CPU
		{DA23C2CB-92C0-421D-9692-919914DB6D53}.Release|Any CPU.ActiveCfg = Release|Any CPU
		{DA23C2CB-92C0-421D-9692-919914DB6D53}.Release|Any CPU.Build.0 = Release|Any CPU
		{13D79227-9C9A-4967-A8BF-FAB23F6B3A89}.Debug|Any CPU.ActiveCfg = Debug|Any CPU
		{13D79227-9C9A-4967-A8BF-FAB23F6B3A89}.Debug|Any CPU.Build.0 = Debug|Any CPU
		{13D79227-9C9A-4967-A8BF-FAB23F6B3A89}.Release|Any CPU.ActiveCfg = Release|Any CPU
		{13D79227-9C9A-4967-A8BF-FAB23F6B3A89}.Release|Any CPU.Build.0 = Release|Any CPU
	EndGlobalSection
	GlobalSection(SolutionProperties) = preSolution
		HideSolutionNode = FALSE
	EndGlobalSection
	GlobalSection(ExtensibilityGlobals) = postSolution
		SolutionGuid = {37B70E49-E7CE-4E6C-B06A-082D9A3E27EA}
	EndGlobalSection
EndGlobal
